
Microsoft Visual Studio Solution File, Format Version 12.00
# Visual Studio Version 16
VisualStudioVersion = 16.0.29613.14
MinimumVisualStudioVersion = 10.0.40219.1
Project("{FAE04EC0-301F-11D3-BF4B-00C04F79EFBC}") = "OreoFood.Web", "OreoFood.Web\OreoFood.Web.csproj", "{2EEE8A0A-3A24-46F6-8394-243662B02743}"
EndProject
Global
	GlobalSection(SolutionConfigurationPlatforms) = preSolution
		Debug|Any CPU = Debug|Any CPU
		Release|Any CPU = Release|Any CPU
	EndGlobalSection
	GlobalSection(ProjectConfigurationPlatforms) = postSolution
		{2EEE8A0A-3A24-46F6-8394-243662B02743}.Debug|Any CPU.ActiveCfg = Debug|Any CPU
		{2EEE8A0A-3A24-46F6-8394-243662B02743}.Debug|Any CPU.Build.0 = Debug|Any CPU
		{2EEE8A0A-3A24-46F6-8394-243662B02743}.Release|Any CPU.ActiveCfg = Release|Any CPU
		{2EEE8A0A-3A24-46F6-8394-243662B02743}.Release|Any CPU.Build.0 = Release|Any CPU
	EndGlobalSection
	GlobalSection(SolutionProperties) = preSolution
		HideSolutionNode = FALSE
	EndGlobalSection
	GlobalSection(ExtensibilityGlobals) = postSolution
		SolutionGuid = {0AC2B692-EDFE-4DAE-89E5-8365AE7A0A92}
	EndGlobalSection
EndGlobal
